// !$*UTF8*$!
{
	archiveVersion = 1;
	classes = {
	};
	objectVersion = 45;
	objects = {

/* Begin PBXBuildFile section */
		1D3623260D0F684500981E51 /* rtmAppDelegate.m in Sources */ = {isa = PBXBuildFile; fileRef = 1D3623250D0F684500981E51 /* rtmAppDelegate.m */; };
		1D60589B0D05DD56006BFB54 /* main.m in Sources */ = {isa = PBXBuildFile; fileRef = 29B97316FDCFA39411CA2CEA /* main.m */; };
		1D60589F0D05DD5A006BFB54 /* Foundation.framework in Frameworks */ = {isa = PBXBuildFile; fileRef = 1D30AB110D05D00D00671497 /* Foundation.framework */; };
		1DF5F4E00D08C38300B7A737 /* UIKit.framework in Frameworks */ = {isa = PBXBuildFile; fileRef = 1DF5F4DF0D08C38300B7A737 /* UIKit.framework */; };
		28216C970DB411BC00E5133A /* OverViewController.m in Sources */ = {isa = PBXBuildFile; fileRef = 28216C960DB411BC00E5133A /* OverViewController.m */; };
		282CCBFE0DB6C98000C4EA27 /* ListView.xib in Resources */ = {isa = PBXBuildFile; fileRef = 282CCBFD0DB6C98000C4EA27 /* ListView.xib */; };
		288765080DF74369002DB57D /* CoreGraphics.framework in Frameworks */ = {isa = PBXBuildFile; fileRef = 288765070DF74369002DB57D /* CoreGraphics.framework */; };
		28AD73880D9D96C1002E5188 /* MainWindow.xib in Resources */ = {isa = PBXBuildFile; fileRef = 28AD73870D9D96C1002E5188 /* MainWindow.xib */; };
		CAA2A3C00FEB360500F53EBB /* CoreData.framework in Frameworks */ = {isa = PBXBuildFile; fileRef = CAA2A3BF0FEB360500F53EBB /* CoreData.framework */; };
		CAC72C6F0FEBD3EC00475578 /* AuthorizeViewController.m in Sources */ = {isa = PBXBuildFile; fileRef = CAC72C6E0FEBD3EC00475578 /* AuthorizeViewController.m */; };
		CAC72D270FEBE82B00475578 /* RtmController.m in Sources */ = {isa = PBXBuildFile; fileRef = CAC72D260FEBE82B00475578 /* RtmController.m */; };
		CAD738450FEB373000DE44E5 /* RTM.xcdatamodel in Sources */ = {isa = PBXBuildFile; fileRef = CAD738440FEB373000DE44E5 /* RTM.xcdatamodel */; };
		CAD7384E0FEB376E00DE44E5 /* Task.m in Sources */ = {isa = PBXBuildFile; fileRef = CAD7384A0FEB376E00DE44E5 /* Task.m */; };
		CAD7384F0FEB376E00DE44E5 /* Note.m in Sources */ = {isa = PBXBuildFile; fileRef = CAD7384C0FEB376E00DE44E5 /* Note.m */; };
		CAD738540FEB37AE00DE44E5 /* AuthParser.m in Sources */ = {isa = PBXBuildFile; fileRef = CAD738530FEB37AE00DE44E5 /* AuthParser.m */; };
		CAD766790FEC846900FA0909 /* sabo.jpeg in Resources */ = {isa = PBXBuildFile; fileRef = CAD766780FEC846900FA0909 /* sabo.jpeg */; };
		CAD851AD0FF279050064E5F6 /* SearchView.xib in Resources */ = {isa = PBXBuildFile; fileRef = CAD851AC0FF279050064E5F6 /* SearchView.xib */; };
		CAD851BE0FF27A720064E5F6 /* SearchViewController.m in Sources */ = {isa = PBXBuildFile; fileRef = CAD851BD0FF27A720064E5F6 /* SearchViewController.m */; };
		CAD851CF0FF280870064E5F6 /* TagView.xib in Resources */ = {isa = PBXBuildFile; fileRef = CAD851CE0FF280870064E5F6 /* TagView.xib */; };
		CAD851EB0FF2854D0064E5F6 /* RtmListParser.m in Sources */ = {isa = PBXBuildFile; fileRef = CAD851EA0FF2854D0064E5F6 /* RtmListParser.m */; };
		CAD852920FF28DFF0064E5F6 /* TaskList.m in Sources */ = {isa = PBXBuildFile; fileRef = CAD852910FF28DFF0064E5F6 /* TaskList.m */; };
		CAD853420FF320D50064E5F6 /* TagViewController.m in Sources */ = {isa = PBXBuildFile; fileRef = CAD853410FF320D50064E5F6 /* TagViewController.m */; };
		CAEE350F0FEB382900E568E3 /* ListViewController.m in Sources */ = {isa = PBXBuildFile; fileRef = CAEE350D0FEB382900E568E3 /* ListViewController.m */; };
		CAEE35180FEB9BB800E568E3 /* MenuView.xib in Resources */ = {isa = PBXBuildFile; fileRef = CAEE35170FEB9BB800E568E3 /* MenuView.xib */; };
		CAEE351A0FEB9BC200E568E3 /* AuthorizeView.xib in Resources */ = {isa = PBXBuildFile; fileRef = CAEE35190FEB9BC200E568E3 /* AuthorizeView.xib */; };
/* End PBXBuildFile section */

/* Begin PBXFileReference section */
		1D30AB110D05D00D00671497 /* Foundation.framework */ = {isa = PBXFileReference; lastKnownFileType = wrapper.framework; name = Foundation.framework; path = System/Library/Frameworks/Foundation.framework; sourceTree = SDKROOT; };
		1D3623240D0F684500981E51 /* rtmAppDelegate.h */ = {isa = PBXFileReference; fileEncoding = 4; lastKnownFileType = sourcecode.c.h; path = rtmAppDelegate.h; sourceTree = "<group>"; };
		1D3623250D0F684500981E51 /* rtmAppDelegate.m */ = {isa = PBXFileReference; fileEncoding = 4; lastKnownFileType = sourcecode.c.objc; path = rtmAppDelegate.m; sourceTree = "<group>"; };
		1D6058910D05DD3D006BFB54 /* rtm.app */ = {isa = PBXFileReference; explicitFileType = wrapper.application; includeInIndex = 0; path = rtm.app; sourceTree = BUILT_PRODUCTS_DIR; };
		1DF5F4DF0D08C38300B7A737 /* UIKit.framework */ = {isa = PBXFileReference; lastKnownFileType = wrapper.framework; name = UIKit.framework; path = System/Library/Frameworks/UIKit.framework; sourceTree = SDKROOT; };
		28216C950DB411BC00E5133A /* OverViewController.h */ = {isa = PBXFileReference; fileEncoding = 4; lastKnownFileType = sourcecode.c.h; path = OverViewController.h; sourceTree = "<group>"; };
		28216C960DB411BC00E5133A /* OverViewController.m */ = {isa = PBXFileReference; fileEncoding = 4; lastKnownFileType = sourcecode.c.objc; path = OverViewController.m; sourceTree = "<group>"; };
		282CCBFD0DB6C98000C4EA27 /* ListView.xib */ = {isa = PBXFileReference; lastKnownFileType = file.xib; name = ListView.xib; path = ../ListView.xib; sourceTree = "<group>"; };
		288765070DF74369002DB57D /* CoreGraphics.framework */ = {isa = PBXFileReference; lastKnownFileType = wrapper.framework; name = CoreGraphics.framework; path = System/Library/Frameworks/CoreGraphics.framework; sourceTree = SDKROOT; };
		28A0AB4B0D9B1048005BE974 /* rtm_Prefix.pch */ = {isa = PBXFileReference; fileEncoding = 4; lastKnownFileType = sourcecode.c.h; path = rtm_Prefix.pch; sourceTree = "<group>"; };
		28AD73870D9D96C1002E5188 /* MainWindow.xib */ = {isa = PBXFileReference; lastKnownFileType = file.xib; path = MainWindow.xib; sourceTree = "<group>"; };
		29B97316FDCFA39411CA2CEA /* main.m */ = {isa = PBXFileReference; fileEncoding = 4; lastKnownFileType = sourcecode.c.objc; path = main.m; sourceTree = "<group>"; };
		8D1107310486CEB800E47090 /* rtm-Info.plist */ = {isa = PBXFileReference; fileEncoding = 4; lastKnownFileType = text.plist.xml; path = "rtm-Info.plist"; plistStructureDefinitionIdentifier = "com.apple.xcode.plist.structure-definition.iphone.info-plist"; sourceTree = "<group>"; };
		CAA2A3BF0FEB360500F53EBB /* CoreData.framework */ = {isa = PBXFileReference; lastKnownFileType = wrapper.framework; name = CoreData.framework; path = System/Library/Frameworks/CoreData.framework; sourceTree = SDKROOT; };
		CAC72C6D0FEBD3EC00475578 /* AuthorizeViewController.h */ = {isa = PBXFileReference; fileEncoding = 4; lastKnownFileType = sourcecode.c.h; name = AuthorizeViewController.h; path = ../AuthorizeViewController.h; sourceTree = "<group>"; };
		CAC72C6E0FEBD3EC00475578 /* AuthorizeViewController.m */ = {isa = PBXFileReference; fileEncoding = 4; lastKnownFileType = sourcecode.c.objc; name = AuthorizeViewController.m; path = ../AuthorizeViewController.m; sourceTree = "<group>"; };
		CAC72D250FEBE82B00475578 /* RtmController.h */ = {isa = PBXFileReference; fileEncoding = 4; lastKnownFileType = sourcecode.c.h; path = RtmController.h; sourceTree = "<group>"; };
		CAC72D260FEBE82B00475578 /* RtmController.m */ = {isa = PBXFileReference; fileEncoding = 4; lastKnownFileType = sourcecode.c.objc; path = RtmController.m; sourceTree = "<group>"; };
		CAD738440FEB373000DE44E5 /* RTM.xcdatamodel */ = {isa = PBXFileReference; fileEncoding = 4; lastKnownFileType = wrapper.xcdatamodel; path = RTM.xcdatamodel; sourceTree = "<group>"; };
		CAD738490FEB376E00DE44E5 /* Task.h */ = {isa = PBXFileReference; fileEncoding = 4; lastKnownFileType = sourcecode.c.h; path = Task.h; sourceTree = "<group>"; };
		CAD7384A0FEB376E00DE44E5 /* Task.m */ = {isa = PBXFileReference; fileEncoding = 4; lastKnownFileType = sourcecode.c.objc; path = Task.m; sourceTree = "<group>"; };
		CAD7384B0FEB376E00DE44E5 /* Note.h */ = {isa = PBXFileReference; fileEncoding = 4; lastKnownFileType = sourcecode.c.h; path = Note.h; sourceTree = "<group>"; };
		CAD7384C0FEB376E00DE44E5 /* Note.m */ = {isa = PBXFileReference; fileEncoding = 4; lastKnownFileType = sourcecode.c.objc; path = Note.m; sourceTree = "<group>"; };
		CAD738530FEB37AE00DE44E5 /* AuthParser.m */ = {isa = PBXFileReference; fileEncoding = 4; lastKnownFileType = sourcecode.c.objc; path = AuthParser.m; sourceTree = "<group>"; };
		CAD738550FEB37B500DE44E5 /* AuthParser.h */ = {isa = PBXFileReference; fileEncoding = 4; lastKnownFileType = sourcecode.c.h; path = AuthParser.h; sourceTree = "<group>"; };
		CAD766780FEC846900FA0909 /* sabo.jpeg */ = {isa = PBXFileReference; lastKnownFileType = image.jpeg; path = sabo.jpeg; sourceTree = "<group>"; };
		CAD851AC0FF279050064E5F6 /* SearchView.xib */ = {isa = PBXFileReference; lastKnownFileType = file.xib; name = SearchView.xib; path = ../SearchView.xib; sourceTree = "<group>"; };
		CAD851BC0FF27A720064E5F6 /* SearchViewController.h */ = {isa = PBXFileReference; fileEncoding = 4; lastKnownFileType = sourcecode.c.h; path = SearchViewController.h; sourceTree = "<group>"; };
		CAD851BD0FF27A720064E5F6 /* SearchViewController.m */ = {isa = PBXFileReference; fileEncoding = 4; lastKnownFileType = sourcecode.c.objc; path = SearchViewController.m; sourceTree = "<group>"; };
		CAD851CE0FF280870064E5F6 /* TagView.xib */ = {isa = PBXFileReference; lastKnownFileType = file.xib; path = TagView.xib; sourceTree = "<group>"; };
		CAD851E90FF2854D0064E5F6 /* RtmListParser.h */ = {isa = PBXFileReference; fileEncoding = 4; lastKnownFileType = sourcecode.c.h; path = RtmListParser.h; sourceTree = "<group>"; };
		CAD851EA0FF2854D0064E5F6 /* RtmListParser.m */ = {isa = PBXFileReference; fileEncoding = 4; lastKnownFileType = sourcecode.c.objc; path = RtmListParser.m; sourceTree = "<group>"; };
		CAD852900FF28DFF0064E5F6 /* TaskList.h */ = {isa = PBXFileReference; fileEncoding = 4; lastKnownFileType = sourcecode.c.h; path = TaskList.h; sourceTree = "<group>"; };
		CAD852910FF28DFF0064E5F6 /* TaskList.m */ = {isa = PBXFileReference; fileEncoding = 4; lastKnownFileType = sourcecode.c.objc; path = TaskList.m; sourceTree = "<group>"; };
		CAD853400FF320D50064E5F6 /* TagViewController.h */ = {isa = PBXFileReference; fileEncoding = 4; lastKnownFileType = sourcecode.c.h; path = TagViewController.h; sourceTree = "<group>"; };
		CAD853410FF320D50064E5F6 /* TagViewController.m */ = {isa = PBXFileReference; fileEncoding = 4; lastKnownFileType = sourcecode.c.objc; path = TagViewController.m; sourceTree = "<group>"; };
		CAEE350D0FEB382900E568E3 /* ListViewController.m */ = {isa = PBXFileReference; fileEncoding = 4; lastKnownFileType = sourcecode.c.objc; path = ListViewController.m; sourceTree = "<group>"; };
		CAEE350E0FEB382900E568E3 /* ListViewController.h */ = {isa = PBXFileReference; fileEncoding = 4; lastKnownFileType = sourcecode.c.h; path = ListViewController.h; sourceTree = "<group>"; };
		CAEE35170FEB9BB800E568E3 /* MenuView.xib */ = {isa = PBXFileReference; lastKnownFileType = file.xib; name = MenuView.xib; path = ../MenuView.xib; sourceTree = "<group>"; };
		CAEE35190FEB9BC200E568E3 /* AuthorizeView.xib */ = {isa = PBXFileReference; lastKnownFileType = file.xib; name = AuthorizeView.xib; path = ../AuthorizeView.xib; sourceTree = "<group>"; };
/* End PBXFileReference section */

/* Begin PBXFrameworksBuildPhase section */
		1D60588F0D05DD3D006BFB54 /* Frameworks */ = {
			isa = PBXFrameworksBuildPhase;
			buildActionMask = 2147483647;
			files = (
				1D60589F0D05DD5A006BFB54 /* Foundation.framework in Frameworks */,
				1DF5F4E00D08C38300B7A737 /* UIKit.framework in Frameworks */,
				288765080DF74369002DB57D /* CoreGraphics.framework in Frameworks */,
				CAA2A3C00FEB360500F53EBB /* CoreData.framework in Frameworks */,
			);
			runOnlyForDeploymentPostprocessing = 0;
		};
/* End PBXFrameworksBuildPhase section */

/* Begin PBXGroup section */
		080E96DDFE201D6D7F000001 /* Classes */ = {
			isa = PBXGroup;
			children = (
				CAD766760FEC844C00FA0909 /* Images */,
				CAA2A36B0FEB33D600F53EBB /* Model and Model Classes */,
				CAC72D240FEBE7FA00475578 /* RtmController */,
				CAA2A36C0FEB33DB00F53EBB /* Authorize */,
				CAC72E010FEBFF6600475578 /* Overview */,
				CAEE350B0FEB381B00E568E3 /* List */,
				CAD851C70FF27FFE0064E5F6 /* Tag */,
				CAD851AF0FF2790C0064E5F6 /* Search */,
				1D3623240D0F684500981E51 /* rtmAppDelegate.h */,
				1D3623250D0F684500981E51 /* rtmAppDelegate.m */,
			);
			path = Classes;
			sourceTree = "<group>";
		};
		19C28FACFE9D520D11CA2CBB /* Products */ = {
			isa = PBXGroup;
			children = (
				1D6058910D05DD3D006BFB54 /* rtm.app */,
			);
			name = Products;
			sourceTree = "<group>";
		};
		29B97314FDCFA39411CA2CEA /* rtm */ = {
			isa = PBXGroup;
			children = (
				080E96DDFE201D6D7F000001 /* Classes */,
				29B97315FDCFA39411CA2CEA /* Other Sources */,
				29B97317FDCFA39411CA2CEA /* Resources */,
				29B97323FDCFA39411CA2CEA /* Frameworks */,
				19C28FACFE9D520D11CA2CBB /* Products */,
			);
			name = rtm;
			sourceTree = "<group>";
		};
		29B97315FDCFA39411CA2CEA /* Other Sources */ = {
			isa = PBXGroup;
			children = (
				28A0AB4B0D9B1048005BE974 /* rtm_Prefix.pch */,
				29B97316FDCFA39411CA2CEA /* main.m */,
			);
			name = "Other Sources";
			sourceTree = "<group>";
		};
		29B97317FDCFA39411CA2CEA /* Resources */ = {
			isa = PBXGroup;
			children = (
				28AD73870D9D96C1002E5188 /* MainWindow.xib */,
				8D1107310486CEB800E47090 /* rtm-Info.plist */,
			);
			name = Resources;
			sourceTree = "<group>";
		};
		29B97323FDCFA39411CA2CEA /* Frameworks */ = {
			isa = PBXGroup;
			children = (
				CAA2A3BF0FEB360500F53EBB /* CoreData.framework */,
				1DF5F4DF0D08C38300B7A737 /* UIKit.framework */,
				1D30AB110D05D00D00671497 /* Foundation.framework */,
				288765070DF74369002DB57D /* CoreGraphics.framework */,
			);
			name = Frameworks;
			sourceTree = "<group>";
		};
		CAA2A36B0FEB33D600F53EBB /* Model and Model Classes */ = {
			isa = PBXGroup;
			children = (
				CAD852900FF28DFF0064E5F6 /* TaskList.h */,
				CAD852910FF28DFF0064E5F6 /* TaskList.m */,
				CAD738490FEB376E00DE44E5 /* Task.h */,
				CAD7384A0FEB376E00DE44E5 /* Task.m */,
				CAD7384B0FEB376E00DE44E5 /* Note.h */,
				CAD7384C0FEB376E00DE44E5 /* Note.m */,
				CAD738440FEB373000DE44E5 /* RTM.xcdatamodel */,
			);
			name = "Model and Model Classes";
			sourceTree = "<group>";
		};
		CAA2A36C0FEB33DB00F53EBB /* Authorize */ = {
			isa = PBXGroup;
			children = (
				CAEE35190FEB9BC200E568E3 /* AuthorizeView.xib */,
				CAD738550FEB37B500DE44E5 /* AuthParser.h */,
				CAD738530FEB37AE00DE44E5 /* AuthParser.m */,
				CAC72C6D0FEBD3EC00475578 /* AuthorizeViewController.h */,
				CAC72C6E0FEBD3EC00475578 /* AuthorizeViewController.m */,
			);
			name = Authorize;
			sourceTree = "<group>";
		};
		CAC72D240FEBE7FA00475578 /* RtmController */ = {
			isa = PBXGroup;
			children = (
				CAC72D250FEBE82B00475578 /* RtmController.h */,
				CAC72D260FEBE82B00475578 /* RtmController.m */,
				CAD851E90FF2854D0064E5F6 /* RtmListParser.h */,
				CAD851EA0FF2854D0064E5F6 /* RtmListParser.m */,
			);
			name = RtmController;
			sourceTree = "<group>";
		};
		CAC72E010FEBFF6600475578 /* Overview */ = {
			isa = PBXGroup;
			children = (
				CAEE35170FEB9BB800E568E3 /* MenuView.xib */,
				28216C950DB411BC00E5133A /* OverViewController.h */,
				28216C960DB411BC00E5133A /* OverViewController.m */,
			);
			name = Overview;
			sourceTree = "<group>";
		};
		CAD766760FEC844C00FA0909 /* Images */ = {
			isa = PBXGroup;
			children = (
				CAD766780FEC846900FA0909 /* sabo.jpeg */,
			);
			name = Images;
			sourceTree = "<group>";
		};
		CAD851AF0FF2790C0064E5F6 /* Search */ = {
			isa = PBXGroup;
			children = (
				CAD851AC0FF279050064E5F6 /* SearchView.xib */,
				CAD851BC0FF27A720064E5F6 /* SearchViewController.h */,
				CAD851BD0FF27A720064E5F6 /* SearchViewController.m */,
			);
			name = Search;
			sourceTree = "<group>";
		};
		CAD851C70FF27FFE0064E5F6 /* Tag */ = {
			isa = PBXGroup;
			children = (
				CAD851CE0FF280870064E5F6 /* TagView.xib */,
				CAD853400FF320D50064E5F6 /* TagViewController.h */,
				CAD853410FF320D50064E5F6 /* TagViewController.m */,
			);
			name = Tag;
			sourceTree = "<group>";
		};
		CAEE350B0FEB381B00E568E3 /* List */ = {
			isa = PBXGroup;
			children = (
				282CCBFD0DB6C98000C4EA27 /* ListView.xib */,
				CAEE350E0FEB382900E568E3 /* ListViewController.h */,
				CAEE350D0FEB382900E568E3 /* ListViewController.m */,
			);
			name = List;
			sourceTree = "<group>";
		};
/* End PBXGroup section */

/* Begin PBXNativeTarget section */
		1D6058900D05DD3D006BFB54 /* rtm */ = {
			isa = PBXNativeTarget;
			buildConfigurationList = 1D6058960D05DD3E006BFB54 /* Build configuration list for PBXNativeTarget "rtm" */;
			buildPhases = (
				1D60588D0D05DD3D006BFB54 /* Resources */,
				1D60588E0D05DD3D006BFB54 /* Sources */,
				1D60588F0D05DD3D006BFB54 /* Frameworks */,
			);
			buildRules = (
			);
			dependencies = (
			);
			name = rtm;
			productName = rtm;
			productReference = 1D6058910D05DD3D006BFB54 /* rtm.app */;
			productType = "com.apple.product-type.application";
		};
/* End PBXNativeTarget section */

/* Begin PBXProject section */
		29B97313FDCFA39411CA2CEA /* Project object */ = {
			isa = PBXProject;
			buildConfigurationList = C01FCF4E08A954540054247B /* Build configuration list for PBXProject "rtm" */;
			compatibilityVersion = "Xcode 3.1";
			hasScannedForEncodings = 1;
			mainGroup = 29B97314FDCFA39411CA2CEA /* rtm */;
			projectDirPath = "";
			projectRoot = "";
			targets = (
				1D6058900D05DD3D006BFB54 /* rtm */,
			);
		};
/* End PBXProject section */

/* Begin PBXResourcesBuildPhase section */
		1D60588D0D05DD3D006BFB54 /* Resources */ = {
			isa = PBXResourcesBuildPhase;
			buildActionMask = 2147483647;
			files = (
				28AD73880D9D96C1002E5188 /* MainWindow.xib in Resources */,
				282CCBFE0DB6C98000C4EA27 /* ListView.xib in Resources */,
				CAEE35180FEB9BB800E568E3 /* MenuView.xib in Resources */,
				CAEE351A0FEB9BC200E568E3 /* AuthorizeView.xib in Resources */,
				CAD766790FEC846900FA0909 /* sabo.jpeg in Resources */,
				CAD851AD0FF279050064E5F6 /* SearchView.xib in Resources */,
				CAD851CF0FF280870064E5F6 /* TagView.xib in Resources */,
			);
			runOnlyForDeploymentPostprocessing = 0;
		};
/* End PBXResourcesBuildPhase section */

/* Begin PBXSourcesBuildPhase section */
		1D60588E0D05DD3D006BFB54 /* Sources */ = {
			isa = PBXSourcesBuildPhase;
			buildActionMask = 2147483647;
			files = (
				1D60589B0D05DD56006BFB54 /* main.m in Sources */,
				1D3623260D0F684500981E51 /* rtmAppDelegate.m in Sources */,
				28216C970DB411BC00E5133A /* OverViewController.m in Sources */,
				CAD738450FEB373000DE44E5 /* RTM.xcdatamodel in Sources */,
				CAD7384E0FEB376E00DE44E5 /* Task.m in Sources */,
				CAD7384F0FEB376E00DE44E5 /* Note.m in Sources */,
				CAD738540FEB37AE00DE44E5 /* AuthParser.m in Sources */,
				CAEE350F0FEB382900E568E3 /* ListViewController.m in Sources */,
				CAC72C6F0FEBD3EC00475578 /* AuthorizeViewController.m in Sources */,
				CAC72D270FEBE82B00475578 /* RtmController.m in Sources */,
				CAD851BE0FF27A720064E5F6 /* SearchViewController.m in Sources */,
				CAD851EB0FF2854D0064E5F6 /* RtmListParser.m in Sources */,
				CAD852920FF28DFF0064E5F6 /* TaskList.m in Sources */,
				CAD853420FF320D50064E5F6 /* TagViewController.m in Sources */,
			);
			runOnlyForDeploymentPostprocessing = 0;
		};
/* End PBXSourcesBuildPhase section */

/* Begin XCBuildConfiguration section */
		1D6058940D05DD3E006BFB54 /* Debug */ = {
			isa = XCBuildConfiguration;
			buildSettings = {
				ALWAYS_SEARCH_USER_PATHS = NO;
				COPY_PHASE_STRIP = NO;
				GCC_DYNAMIC_NO_PIC = NO;
				GCC_OPTIMIZATION_LEVEL = 0;
				GCC_PRECOMPILE_PREFIX_HEADER = YES;
				GCC_PREFIX_HEADER = rtm_Prefix.pch;
				INFOPLIST_FILE = "rtm-Info.plist";
				PRODUCT_NAME = rtm;
			};
			name = Debug;
		};
		1D6058950D05DD3E006BFB54 /* Release */ = {
			isa = XCBuildConfiguration;
			buildSettings = {
				ALWAYS_SEARCH_USER_PATHS = NO;
				COPY_PHASE_STRIP = YES;
				GCC_PRECOMPILE_PREFIX_HEADER = YES;
				GCC_PREFIX_HEADER = rtm_Prefix.pch;
				INFOPLIST_FILE = "rtm-Info.plist";
				PRODUCT_NAME = rtm;
			};
			name = Release;
		};
		C01FCF4F08A954540054247B /* Debug */ = {
			isa = XCBuildConfiguration;
			buildSettings = {
				ARCHS = "$(ARCHS_STANDARD_32_BIT)";
				"CODE_SIGN_IDENTITY[sdk=iphoneos*]" = "iPhone Developer";
				GCC_C_LANGUAGE_STANDARD = c99;
				GCC_WARN_ABOUT_RETURN_TYPE = YES;
				GCC_WARN_UNUSED_VARIABLE = YES;
				PREBINDING = NO;
				SDKROOT = iphoneos3.0;
			};
			name = Debug;
		};
		C01FCF5008A954540054247B /* Release */ = {
			isa = XCBuildConfiguration;
			buildSettings = {
				ARCHS = "$(ARCHS_STANDARD_32_BIT)";
				"CODE_SIGN_IDENTITY[sdk=iphoneos*]" = "iPhone Developer";
				GCC_C_LANGUAGE_STANDARD = c99;
				GCC_WARN_ABOUT_RETURN_TYPE = YES;
				GCC_WARN_UNUSED_VARIABLE = YES;
				PREBINDING = NO;
				SDKROOT = iphoneos3.0;
			};
			name = Release;
		};
/* End XCBuildConfiguration section */

/* Begin XCConfigurationList section */
		1D6058960D05DD3E006BFB54 /* Build configuration list for PBXNativeTarget "rtm" */ = {
			isa = XCConfigurationList;
			buildConfigurations = (
				1D6058940D05DD3E006BFB54 /* Debug */,
				1D6058950D05DD3E006BFB54 /* Release */,
			);
			defaultConfigurationIsVisible = 0;
			defaultConfigurationName = Release;
		};
		C01FCF4E08A954540054247B /* Build configuration list for PBXProject "rtm" */ = {
			isa = XCConfigurationList;
			buildConfigurations = (
				C01FCF4F08A954540054247B /* Debug */,
				C01FCF5008A954540054247B /* Release */,
			);
			defaultConfigurationIsVisible = 0;
			defaultConfigurationName = Release;
		};
/* End XCConfigurationList section */
	};
	rootObject = 29B97313FDCFA39411CA2CEA /* Project object */;
}
